// !$*UTF8*$!
{
	archiveVersion = 1;
	classes = {
	};
	objectVersion = 56;
	objects = {

/* Begin PBXBuildFile section */
		27A7D78C2B5682EB0086D14A /* AppDelegate.swift in Sources */ = {isa = PBXBuildFile; fileRef = 27A7D78B2B5682EB0086D14A /* AppDelegate.swift */; };
		27A7D78E2B5682EB0086D14A /* SceneDelegate.swift in Sources */ = {isa = PBXBuildFile; fileRef = 27A7D78D2B5682EB0086D14A /* SceneDelegate.swift */; };
		27A7D7902B5682EB0086D14A /* ViewController.swift in Sources */ = {isa = PBXBuildFile; fileRef = 27A7D78F2B5682EB0086D14A /* ViewController.swift */; };
		27A7D7932B5682EB0086D14A /* Main.storyboard in Resources */ = {isa = PBXBuildFile; fileRef = 27A7D7912B5682EB0086D14A /* Main.storyboard */; };
		27A7D7962B5682EB0086D14A /* CoreData1.xcdatamodeld in Sources */ = {isa = PBXBuildFile; fileRef = 27A7D7942B5682EB0086D14A /* CoreData1.xcdatamodeld */; };
		27A7D7982B5682F00086D14A /* Assets.xcassets in Resources */ = {isa = PBXBuildFile; fileRef = 27A7D7972B5682F00086D14A /* Assets.xcassets */; };
		27A7D79B2B5682F00086D14A /* LaunchScreen.storyboard in Resources */ = {isa = PBXBuildFile; fileRef = 27A7D7992B5682F00086D14A /* LaunchScreen.storyboard */; };
		27A7D7A42B5683590086D14A /* Student+CoreDataClass.swift in Sources */ = {isa = PBXBuildFile; fileRef = 27A7D7A22B5683590086D14A /* Student+CoreDataClass.swift */; };
		27A7D7A52B5683590086D14A /* Student+CoreDataProperties.swift in Sources */ = {isa = PBXBuildFile; fileRef = 27A7D7A32B5683590086D14A /* Student+CoreDataProperties.swift */; };
		27A7D7A82B5683B40086D14A /* CoreData.framework in Frameworks */ = {isa = PBXBuildFile; fileRef = 27A7D7A72B5683B40086D14A /* CoreData.framework */; };
		27A7D7AA2B5692FE0086D14A /* DataBaseHelper.swift in Sources */ = {isa = PBXBuildFile; fileRef = 27A7D7A92B5692FE0086D14A /* DataBaseHelper.swift */; };
/* End PBXBuildFile section */

/* Begin PBXFileReference section */
		27A7D7882B5682EB0086D14A /* CoreData1.app */ = {isa = PBXFileReference; explicitFileType = wrapper.application; includeInIndex = 0; path = CoreData1.app; sourceTree = BUILT_PRODUCTS_DIR; };
		27A7D78B2B5682EB0086D14A /* AppDelegate.swift */ = {isa = PBXFileReference; lastKnownFileType = sourcecode.swift; path = AppDelegate.swift; sourceTree = "<group>"; };
		27A7D78D2B5682EB0086D14A /* SceneDelegate.swift */ = {isa = PBXFileReference; lastKnownFileType = sourcecode.swift; path = SceneDelegate.swift; sourceTree = "<group>"; };
		27A7D78F2B5682EB0086D14A /* ViewController.swift */ = {isa = PBXFileReference; lastKnownFileType = sourcecode.swift; path = ViewController.swift; sourceTree = "<group>"; };
		27A7D7922B5682EB0086D14A /* Base */ = {isa = PBXFileReference; lastKnownFileType = file.storyboard; name = Base; path = Base.lproj/Main.storyboard; sourceTree = "<group>"; };
		27A7D7952B5682EB0086D14A /* CoreData1.xcdatamodel */ = {isa = PBXFileReference; lastKnownFileType = wrapper.xcdatamodel; path = CoreData1.xcdatamodel; sourceTree = "<group>"; };
		27A7D7972B5682F00086D14A /* Assets.xcassets */ = {isa = PBXFileReference; lastKnownFileType = folder.assetcatalog; path = Assets.xcassets; sourceTree = "<group>"; };
		27A7D79A2B5682F00086D14A /* Base */ = {isa = PBXFileReference; lastKnownFileType = file.storyboard; name = Base; path = Base.lproj/LaunchScreen.storyboard; sourceTree = "<group>"; };
		27A7D79C2B5682F00086D14A /* Info.plist */ = {isa = PBXFileReference; lastKnownFileType = text.plist.xml; path = Info.plist; sourceTree = "<group>"; };
		27A7D7A22B5683590086D14A /* Student+CoreDataClass.swift */ = {isa = PBXFileReference; lastKnownFileType = sourcecode.swift; path = "Student+CoreDataClass.swift"; sourceTree = "<group>"; };
		27A7D7A32B5683590086D14A /* Student+CoreDataProperties.swift */ = {isa = PBXFileReference; lastKnownFileType = sourcecode.swift; path = "Student+CoreDataProperties.swift"; sourceTree = "<group>"; };
		27A7D7A72B5683B40086D14A /* CoreData.framework */ = {isa = PBXFileReference; lastKnownFileType = wrapper.framework; name = CoreData.framework; path = System/Library/Frameworks/CoreData.framework; sourceTree = SDKROOT; };
		27A7D7A92B5692FE0086D14A /* DataBaseHelper.swift */ = {isa = PBXFileReference; lastKnownFileType = sourcecode.swift; path = DataBaseHelper.swift; sourceTree = "<group>"; };
/* End PBXFileReference section */

/* Begin PBXFrameworksBuildPhase section */
		27A7D7852B5682EB0086D14A /* Frameworks */ = {
			isa = PBXFrameworksBuildPhase;
			buildActionMask = 2147483647;
			files = (
				27A7D7A82B5683B40086D14A /* CoreData.framework in Frameworks */,
			);
			runOnlyForDeploymentPostprocessing = 0;
		};
/* End PBXFrameworksBuildPhase section */

/* Begin PBXGroup section */
		27A7D77F2B5682EB0086D14A = {
			isa = PBXGroup;
			children = (
				27A7D78A2B5682EB0086D14A /* CoreData1 */,
				27A7D7892B5682EB0086D14A /* Products */,
				27A7D7A62B5683B30086D14A /* Frameworks */,
			);
			sourceTree = "<group>";
		};
		27A7D7892B5682EB0086D14A /* Products */ = {
			isa = PBXGroup;
			children = (
				27A7D7882B5682EB0086D14A /* CoreData1.app */,
			);
			name = Products;
			sourceTree = "<group>";
		};
		27A7D78A2B5682EB0086D14A /* CoreData1 */ = {
			isa = PBXGroup;
			children = (
				27A7D7A22B5683590086D14A /* Student+CoreDataClass.swift */,
				27A7D7A32B5683590086D14A /* Student+CoreDataProperties.swift */,
				27A7D78B2B5682EB0086D14A /* AppDelegate.swift */,
				27A7D78D2B5682EB0086D14A /* SceneDelegate.swift */,
				27A7D78F2B5682EB0086D14A /* ViewController.swift */,
				27A7D7A92B5692FE0086D14A /* DataBaseHelper.swift */,
				27A7D7912B5682EB0086D14A /* Main.storyboard */,
				27A7D7972B5682F00086D14A /* Assets.xcassets */,
				27A7D7992B5682F00086D14A /* LaunchScreen.storyboard */,
				27A7D79C2B5682F00086D14A /* Info.plist */,
				27A7D7942B5682EB0086D14A /* CoreData1.xcdatamodeld */,
			);
			path = CoreData1;
			sourceTree = "<group>";
		};
		27A7D7A62B5683B30086D14A /* Frameworks */ = {
			isa = PBXGroup;
			children = (
				27A7D7A72B5683B40086D14A /* CoreData.framework */,
			);
			name = Frameworks;
			sourceTree = "<group>";
		};
/* End PBXGroup section */

/* Begin PBXNativeTarget section */
		27A7D7872B5682EB0086D14A /* CoreData1 */ = {
			isa = PBXNativeTarget;
			buildConfigurationList = 27A7D79F2B5682F00086D14A /* Build configuration list for PBXNativeTarget "CoreData1" */;
			buildPhases = (
				27A7D7842B5682EB0086D14A /* Sources */,
				27A7D7852B5682EB0086D14A /* Frameworks */,
				27A7D7862B5682EB0086D14A /* Resources */,
			);
			buildRules = (
			);
			dependencies = (
			);
			name = CoreData1;
			productName = CoreData1;
			productReference = 27A7D7882B5682EB0086D14A /* CoreData1.app */;
			productType = "com.apple.product-type.application";
		};
/* End PBXNativeTarget section */

/* Begin PBXProject section */
		27A7D7802B5682EB0086D14A /* Project object */ = {
			isa = PBXProject;
			attributes = {
				BuildIndependentTargetsInParallel = 1;
				LastSwiftUpdateCheck = 1510;
				LastUpgradeCheck = 1510;
				TargetAttributes = {
					27A7D7872B5682EB0086D14A = {
						CreatedOnToolsVersion = 15.1;
					};
				};
			};
			buildConfigurationList = 27A7D7832B5682EB0086D14A /* Build configuration list for PBXProject "CoreData1" */;
			compatibilityVersion = "Xcode 14.0";
			developmentRegion = en;
			hasScannedForEncodings = 0;
			knownRegions = (
				en,
				Base,
			);
			mainGroup = 27A7D77F2B5682EB0086D14A;
			productRefGroup = 27A7D7892B5682EB0086D14A /* Products */;
			projectDirPath = "";
			projectRoot = "";
			targets = (
				27A7D7872B5682EB0086D14A /* CoreData1 */,
			);
		};
/* End PBXProject section */

/* Begin PBXResourcesBuildPhase section */
		27A7D7862B5682EB0086D14A /* Resources */ = {
			isa = PBXResourcesBuildPhase;
			buildActionMask = 2147483647;
			files = (
				27A7D79B2B5682F00086D14A /* LaunchScreen.storyboard in Resources */,
				27A7D7982B5682F00086D14A /* Assets.xcassets in Resources */,
				27A7D7932B5682EB0086D14A /* Main.storyboard in Resources */,
			);
			runOnlyForDeploymentPostprocessing = 0;
		};
/* End PBXResourcesBuildPhase section */

/* Begin PBXSourcesBuildPhase section */
		27A7D7842B5682EB0086D14A /* Sources */ = {
			isa = PBXSourcesBuildPhase;
			buildActionMask = 2147483647;
			files = (
				27A7D7AA2B5692FE0086D14A /* DataBaseHelper.swift in Sources */,
				27A7D7A52B5683590086D14A /* Student+CoreDataProperties.swift in Sources */,
				27A7D7902B5682EB0086D14A /* ViewController.swift in Sources */,
				27A7D78C2B5682EB0086D14A /* AppDelegate.swift in Sources */,
				27A7D7962B5682EB0086D14A /* CoreData1.xcdatamodeld in Sources */,
				27A7D78E2B5682EB0086D14A /* SceneDelegate.swift in Sources */,
				27A7D7A42B5683590086D14A /* Student+CoreDataClass.swift in Sources */,
			);
			runOnlyForDeploymentPostprocessing = 0;
		};
/* End PBXSourcesBuildPhase section */

/* Begin PBXVariantGroup section */
		27A7D7912B5682EB0086D14A /* Main.storyboard */ = {
			isa = PBXVariantGroup;
			children = (
				27A7D7922B5682EB0086D14A /* Base */,
			);
			name = Main.storyboard;
			sourceTree = "<group>";
		};
		27A7D7992B5682F00086D14A /* LaunchScreen.storyboard */ = {
			isa = PBXVariantGroup;
			children = (
				27A7D79A2B5682F00086D14A /* Base */,
			);
			name = LaunchScreen.storyboard;
			sourceTree = "<group>";
		};
/* End PBXVariantGroup section */

/* Begin XCBuildConfiguration section */
		27A7D79D2B5682F00086D14A /* Debug */ = {
			isa = XCBuildConfiguration;
			buildSettings = {
				ALWAYS_SEARCH_USER_PATHS = NO;
				ASSETCATALOG_COMPILER_GENERATE_SWIFT_ASSET_SYMBOL_EXTENSIONS = YES;
				CLANG_ANALYZER_NONNULL = YES;
				CLANG_ANALYZER_NUMBER_OBJECT_CONVERSION = YES_AGGRESSIVE;
				CLANG_CXX_LANGUAGE_STANDARD = "gnu++20";
				CLANG_ENABLE_MODULES = YES;
				CLANG_ENABLE_OBJC_ARC = YES;
				CLANG_ENABLE_OBJC_WEAK = YES;
				CLANG_WARN_BLOCK_CAPTURE_AUTORELEASING = YES;
				CLANG_WARN_BOOL_CONVERSION = YES;
				CLANG_WARN_COMMA = YES;
				CLANG_WARN_CONSTANT_CONVERSION = YES;
				CLANG_WARN_DEPRECATED_OBJC_IMPLEMENTATIONS = YES;
				CLANG_WARN_DIRECT_OBJC_ISA_USAGE = YES_ERROR;
				CLANG_WARN_DOCUMENTATION_COMMENTS = YES;
				CLANG_WARN_EMPTY_BODY = YES;
				CLANG_WARN_ENUM_CONVERSION = YES;
				CLANG_WARN_INFINITE_RECURSION = YES;
				CLANG_WARN_INT_CONVERSION = YES;
				CLANG_WARN_NON_LITERAL_NULL_CONVERSION = YES;
				CLANG_WARN_OBJC_IMPLICIT_RETAIN_SELF = YES;
				CLANG_WARN_OBJC_LITERAL_CONVERSION = YES;
				CLANG_WARN_OBJC_ROOT_CLASS = YES_ERROR;
				CLANG_WARN_QUOTED_INCLUDE_IN_FRAMEWORK_HEADER = YES;
				CLANG_WARN_RANGE_LOOP_ANALYSIS = YES;
				CLANG_WARN_STRICT_PROTOTYPES = YES;
				CLANG_WARN_SUSPICIOUS_MOVE = YES;
				CLANG_WARN_UNGUARDED_AVAILABILITY = YES_AGGRESSIVE;
				CLANG_WARN_UNREACHABLE_CODE = YES;
				CLANG_WARN__DUPLICATE_METHOD_MATCH = YES;
				COPY_PHASE_STRIP = NO;
				DEBUG_INFORMATION_FORMAT = dwarf;
				ENABLE_STRICT_OBJC_MSGSEND = YES;
				ENABLE_TESTABILITY = YES;
				ENABLE_USER_SCRIPT_SANDBOXING = YES;
				GCC_C_LANGUAGE_STANDARD = gnu17;
				GCC_DYNAMIC_NO_PIC = NO;
				GCC_NO_COMMON_BLOCKS = YES;
				GCC_OPTIMIZATION_LEVEL = 0;
				GCC_PREPROCESSOR_DEFINITIONS = (
					"DEBUG=1",
					"$(inherited)",
				);
				GCC_WARN_64_TO_32_BIT_CONVERSION = YES;
				GCC_WARN_ABOUT_RETURN_TYPE = YES_ERROR;
				GCC_WARN_UNDECLARED_SELECTOR = YES;
				GCC_WARN_UNINITIALIZED_AUTOS = YES_AGGRESSIVE;
				GCC_WARN_UNUSED_FUNCTION = YES;
				GCC_WARN_UNUSED_VARIABLE = YES;
				IPHONEOS_DEPLOYMENT_TARGET = 17.2;
				LOCALIZATION_PREFERS_STRING_CATALOGS = YES;
				MTL_ENABLE_DEBUG_INFO = INCLUDE_SOURCE;
				MTL_FAST_MATH = YES;
				ONLY_ACTIVE_ARCH = YES;
				SDKROOT = iphoneos;
				SWIFT_ACTIVE_COMPILATION_CONDITIONS = "DEBUG $(inherited)";
				SWIFT_OPTIMIZATION_LEVEL = "-Onone";
			};
			name = Debug;
		};
		27A7D79E2B5682F00086D14A /* Release */ = {
			isa = XCBuildConfiguration;
			buildSettings = {
				ALWAYS_SEARCH_USER_PATHS = NO;
				ASSETCATALOG_COMPILER_GENERATE_SWIFT_ASSET_SYMBOL_EXTENSIONS = YES;
				CLANG_ANALYZER_NONNULL = YES;
				CLANG_ANALYZER_NUMBER_OBJECT_CONVERSION = YES_AGGRESSIVE;
				CLANG_CXX_LANGUAGE_STANDARD = "gnu++20";
				CLANG_ENABLE_MODULES = YES;
				CLANG_ENABLE_OBJC_ARC = YES;
				CLANG_ENABLE_OBJC_WEAK = YES;
				CLANG_WARN_BLOCK_CAPTURE_AUTORELEASING = YES;
				CLANG_WARN_BOOL_CONVERSION = YES;
				CLANG_WARN_COMMA = YES;
				CLANG_WARN_CONSTANT_CONVERSION = YES;
				CLANG_WARN_DEPRECATED_OBJC_IMPLEMENTATIONS = YES;
				CLANG_WARN_DIRECT_OBJC_ISA_USAGE = YES_ERROR;
				CLANG_WARN_DOCUMENTATION_COMMENTS = YES;
				CLANG_WARN_EMPTY_BODY = YES;
				CLANG_WARN_ENUM_CONVERSION = YES;
				CLANG_WARN_INFINITE_RECURSION = YES;
				CLANG_WARN_INT_CONVERSION = YES;
				CLANG_WARN_NON_LITERAL_NULL_CONVERSION = YES;
				CLANG_WARN_OBJC_IMPLICIT_RETAIN_SELF = YES;
				CLANG_WARN_OBJC_LITERAL_CONVERSION = YES;
				CLANG_WARN_OBJC_ROOT_CLASS = YES_ERROR;
				CLANG_WARN_QUOTED_INCLUDE_IN_FRAMEWORK_HEADER = YES;
				CLANG_WARN_RANGE_LOOP_ANALYSIS = YES;
				CLANG_WARN_STRICT_PROTOTYPES = YES;
				CLANG_WARN_SUSPICIOUS_MOVE = YES;
				CLANG_WARN_UNGUARDED_AVAILABILITY = YES_AGGRESSIVE;
				CLANG_WARN_UNREACHABLE_CODE = YES;
				CLANG_WARN__DUPLICATE_METHOD_MATCH = YES;
				COPY_PHASE_STRIP = NO;
				DEBUG_INFORMATION_FORMAT = "dwarf-with-dsym";
				ENABLE_NS_ASSERTIONS = NO;
				ENABLE_STRICT_OBJC_MSGSEND = YES;
				ENABLE_USER_SCRIPT_SANDBOXING = YES;
				GCC_C_LANGUAGE_STANDARD = gnu17;
				GCC_NO_COMMON_BLOCKS = YES;
				GCC_WARN_64_TO_32_BIT_CONVERSION = YES;
				GCC_WARN_ABOUT_RETURN_TYPE = YES_ERROR;
				GCC_WARN_UNDECLARED_SELECTOR = YES;
				GCC_WARN_UNINITIALIZED_AUTOS = YES_AGGRESSIVE;
				GCC_WARN_UNUSED_FUNCTION = YES;
				GCC_WARN_UNUSED_VARIABLE = YES;
				IPHONEOS_DEPLOYMENT_TARGET = 17.2;
				LOCALIZATION_PREFERS_STRING_CATALOGS = YES;
				MTL_ENABLE_DEBUG_INFO = NO;
				MTL_FAST_MATH = YES;
				SDKROOT = iphoneos;
				SWIFT_COMPILATION_MODE = wholemodule;
				VALIDATE_PRODUCT = YES;
			};
			name = Release;
		};
		27A7D7A02B5682F00086D14A /* Debug */ = {
			isa = XCBuildConfiguration;
			buildSettings = {
				ASSETCATALOG_COMPILER_APPICON_NAME = AppIcon;
				ASSETCATALOG_COMPILER_GLOBAL_ACCENT_COLOR_NAME = AccentColor;
				CODE_SIGN_STYLE = Automatic;
				CURRENT_PROJECT_VERSION = 1;
				GENERATE_INFOPLIST_FILE = YES;
				INFOPLIST_FILE = CoreData1/Info.plist;
				INFOPLIST_KEY_UIApplicationSupportsIndirectInputEvents = YES;
				INFOPLIST_KEY_UILaunchStoryboardName = LaunchScreen;
				INFOPLIST_KEY_UIMainStoryboardFile = Main;
				INFOPLIST_KEY_UISupportedInterfaceOrientations_iPad = "UIInterfaceOrientationPortrait UIInterfaceOrientationPortraitUpsideDown UIInterfaceOrientationLandscapeLeft UIInterfaceOrientationLandscapeRight";
				INFOPLIST_KEY_UISupportedInterfaceOrientations_iPhone = "UIInterfaceOrientationPortrait UIInterfaceOrientationLandscapeLeft UIInterfaceOrientationLandscapeRight";
				LD_RUNPATH_SEARCH_PATHS = (
					"$(inherited)",
					"@executable_path/Frameworks",
				);
				MARKETING_VERSION = 1.0;
				PRODUCT_BUNDLE_IDENTIFIER = com.SocketIODemo.CoreData1;
				PRODUCT_NAME = "$(TARGET_NAME)";
				SWIFT_EMIT_LOC_STRINGS = YES;
				SWIFT_VERSION = 5.0;
				TARGETED_DEVICE_FAMILY = "1,2";
			};
			name = Debug;
		};
		27A7D7A12B5682F00086D14A /* Release */ = {
			isa = XCBuildConfiguration;
			buildSettings = {
				ASSETCATALOG_COMPILER_APPICON_NAME = AppIcon;
				ASSETCATALOG_COMPILER_GLOBAL_ACCENT_COLOR_NAME = AccentColor;
				CODE_SIGN_STYLE = Automatic;
				CURRENT_PROJECT_VERSION = 1;
				GENERATE_INFOPLIST_FILE = YES;
				INFOPLIST_FILE = CoreData1/Info.plist;
				INFOPLIST_KEY_UIApplicationSupportsIndirectInputEvents = YES;
				INFOPLIST_KEY_UILaunchStoryboardName = LaunchScreen;
				INFOPLIST_KEY_UIMainStoryboardFile = Main;
				INFOPLIST_KEY_UISupportedInterfaceOrientations_iPad = "UIInterfaceOrientationPortrait UIInterfaceOrientationPortraitUpsideDown UIInterfaceOrientationLandscapeLeft UIInterfaceOrientationLandscapeRight";
				INFOPLIST_KEY_UISupportedInterfaceOrientations_iPhone = "UIInterfaceOrientationPortrait UIInterfaceOrientationLandscapeLeft UIInterfaceOrientationLandscapeRight";
				LD_RUNPATH_SEARCH_PATHS = (
					"$(inherited)",
					"@executable_path/Frameworks",
				);
				MARKETING_VERSION = 1.0;
				PRODUCT_BUNDLE_IDENTIFIER = com.SocketIODemo.CoreData1;
				PRODUCT_NAME = "$(TARGET_NAME)";
				SWIFT_EMIT_LOC_STRINGS = YES;
				SWIFT_VERSION = 5.0;
				TARGETED_DEVICE_FAMILY = "1,2";
			};
			name = Release;
		};
/* End XCBuildConfiguration section */

/* Begin XCConfigurationList section */
		27A7D7832B5682EB0086D14A /* Build configuration list for PBXProject "CoreData1" */ = {
			isa = XCConfigurationList;
			buildConfigurations = (
				27A7D79D2B5682F00086D14A /* Debug */,
				27A7D79E2B5682F00086D14A /* Release */,
			);
			defaultConfigurationIsVisible = 0;
			defaultConfigurationName = Release;
		};
		27A7D79F2B5682F00086D14A /* Build configuration list for PBXNativeTarget "CoreData1" */ = {
			isa = XCConfigurationList;
			buildConfigurations = (
				27A7D7A02B5682F00086D14A /* Debug */,
				27A7D7A12B5682F00086D14A /* Release */,
			);
			defaultConfigurationIsVisible = 0;
			defaultConfigurationName = Release;
		};
/* End XCConfigurationList section */

/* Begin XCVersionGroup section */
		27A7D7942B5682EB0086D14A /* CoreData1.xcdatamodeld */ = {
			isa = XCVersionGroup;
			children = (
				27A7D7952B5682EB0086D14A /* CoreData1.xcdatamodel */,
			);
			currentVersion = 27A7D7952B5682EB0086D14A /* CoreData1.xcdatamodel */;
			path = CoreData1.xcdatamodeld;
			sourceTree = "<group>";
			versionGroupType = wrapper.xcdatamodel;
		};
/* End XCVersionGroup section */
	};
	rootObject = 27A7D7802B5682EB0086D14A /* Project object */;
}
